
Microsoft Visual Studio Solution File, Format Version 12.00
Project("{FAE04EC0-301F-11D3-BF4B-00C04F79EFBC}") = "CodeGuard.Cli", "src\CodeGuard.Cli\CodeGuard.Cli.csproj", "{A31979B4-4107-45C8-AF30-DF869B587954}"
EndProject
Project("{FAE04EC0-301F-11D3-BF4B-00C04F79EFBC}") = "CodeGuard.Core", "src\CodeGuard.Core\CodeGuard.Core.csproj", "{B2262BFD-F69A-4BFD-BA47-5D483587D752}"
EndProject
Project("{FAE04EC0-301F-11D3-BF4B-00C04F79EFBC}") = "CodeGuard.Analysis", "src\CodeGuard.Analysis\CodeGuard.Analysis.csproj", "{788A102E-FB83-4603-BF9F-9713B2198DB4}"
EndProject
Project("{FAE04EC0-301F-11D3-BF4B-00C04F79EFBC}") = "CodeGuard.RuleModel", "src\CodeGuard.RuleModel\CodeGuard.RuleModel.csproj", "{B92372D5-7E93-44A4-8A56-F3DB42F64EEC}"
EndProject
Project("{FAE04EC0-301F-11D3-BF4B-00C04F79EFBC}") = "CodeGuard.Evaluation", "src\CodeGuard.Evaluation\CodeGuard.Evaluation.csproj", "{EC11F81F-45E4-4A99-87D4-9FB0E180FCAA}"
EndProject
Project("{FAE04EC0-301F-11D3-BF4B-00C04F79EFBC}") = "CodeGuard.Reporting", "src\CodeGuard.Reporting\CodeGuard.Reporting.csproj", "{815E2186-58E5-4988-97FB-C37AE0AD1F99}"
EndProject
Project("{2150E333-8FDC-42A3-9474-1A3956D46DE8}") = "Tests", "Tests", "{0AB3BF05-4346-4AA6-1389-037BE0695223}"
EndProject
Project("{FAE04EC0-301F-11D3-BF4B-00C04F79EFBC}") = "CodeGuard.Core.Tests", "tests\CodeGuard.Core.Tests\CodeGuard.Core.Tests.csproj", "{872E061A-8DA1-4015-A8D2-882D9DDAEEF7}"
EndProject
Project("{FAE04EC0-301F-11D3-BF4B-00C04F79EFBC}") = "CodeGuard.Evaluation.Tests", "tests\CodeGuard.Evaluation.Tests\CodeGuard.Evaluation.Tests.csproj", "{69990B21-FD82-48F8-A2B5-194C6FE9F96A}"
EndProject
Project("{FAE04EC0-301F-11D3-BF4B-00C04F79EFBC}") = "CodeGuard.Configuration.Tests", "tests\CodeGuard.Configuration.Tests\CodeGuard.Configuration.Tests.csproj", "{B0974B7A-6244-4531-8EDF-1A615B9D6417}"
EndProject
Project("{FAE04EC0-301F-11D3-BF4B-00C04F79EFBC}") = "CodeGuard.Configuration", "src\CodeGuard.Configuration\CodeGuard.Configuration.csproj", "{1E096092-2340-4DDD-AC36-BF1F0F67DE22}"
EndProject
Project("{FAE04EC0-301F-11D3-BF4B-00C04F79EFBC}") = "CodeGuard.Analyzers.Roslyn", "src\CodeGuard.Analyzers.Roslyn\CodeGuard.Analyzers.Roslyn.csproj", "{884B4ADE-A939-4385-8AB5-CBE2A7F101AC}"
EndProject
Project("{FAE04EC0-301F-11D3-BF4B-00C04F79EFBC}") = "CodeGuard.Analyzers.Roslyn.Tests", "tests\CodeGuard.Analyzers.Roslyn.Tests\CodeGuard.Analyzers.Roslyn.Tests.csproj", "{8C61F958-AD09-425E-AB8C-504878EDD2E8}"
EndProject
Project("{FAE04EC0-301F-11D3-BF4B-00C04F79EFBC}") = "CodeGuard.IntegrationTests", "tests\CodeGuard.IntegrationTests\CodeGuard.IntegrationTests.csproj", "{347CBB80-A7FA-40B2-AA98-50684C137799}"
EndProject
Project("{FAE04EC0-301F-11D3-BF4B-00C04F79EFBC}") = "CodeGuard.Analyzers.MSBuild", "src\CodeGuard.Analyzers.MSBuild\CodeGuard.Analyzers.MSBuild.csproj", "{E0D121A3-4F6A-408F-B50B-426D8D71507C}"
EndProject
Project("{FAE04EC0-301F-11D3-BF4B-00C04F79EFBC}") = "CodeGuard.Analyzers.Repository", "src\CodeGuard.Analyzers.Repository\CodeGuard.Analyzers.Repository.csproj", "{E019D0D6-331C-4653-B2A9-FE93EDF4100E}"
EndProject
Project("{FAE04EC0-301F-11D3-BF4B-00C04F79EFBC}") = "CodeGuard.Analyzers.Repository.Tests", "tests\CodeGuard.Analyzers.Repository.Tests\CodeGuard.Analyzers.Repository.Tests.csproj", "{B389AAD6-1856-435B-AC3E-31F91915C56B}"
EndProject
Project("{FAE04EC0-301F-11D3-BF4B-00C04F79EFBC}") = "CodeGuard.Cli.Tests", "tests\CodeGuard.Cli.Tests\CodeGuard.Cli.Tests.csproj", "{C08A1D46-6375-4FB0-B248-AE94A0A34A38}"
EndProject
Project("{2150E333-8FDC-42A3-9474-1A3956D46DE8}") = "Solution Items", "Solution Items", "{A5510E62-1E49-4D08-B7A8-F9A8A386C303}"
	ProjectSection(SolutionItems) = preProject
		.github\workflows\ci.yml = .github\workflows\ci.yml
		.github\workflows\publish.yml = .github\workflows\publish.yml
		README.md = README.md
		LICENSE = LICENSE
		global.json = global.json
		Directory.Build.props = Directory.Build.props
		stryker-config.json = stryker-config.json
		.gitignore = .gitignore
	EndProjectSection
EndProject
Global
	GlobalSection(SolutionConfigurationPlatforms) = preSolution
		Debug|Any CPU = Debug|Any CPU
		Debug|x64 = Debug|x64
		Debug|x86 = Debug|x86
		Release|Any CPU = Release|Any CPU
		Release|x64 = Release|x64
		Release|x86 = Release|x86
	EndGlobalSection
	GlobalSection(ProjectConfigurationPlatforms) = postSolution
		{A31979B4-4107-45C8-AF30-DF869B587954}.Debug|Any CPU.ActiveCfg = Debug|Any CPU
		{A31979B4-4107-45C8-AF30-DF869B587954}.Debug|Any CPU.Build.0 = Debug|Any CPU
		{A31979B4-4107-45C8-AF30-DF869B587954}.Debug|x64.ActiveCfg = Debug|Any CPU
		{A31979B4-4107-45C8-AF30-DF869B587954}.Debug|x64.Build.0 = Debug|Any CPU
		{A31979B4-4107-45C8-AF30-DF869B587954}.Debug|x86.ActiveCfg = Debug|Any CPU
		{A31979B4-4107-45C8-AF30-DF869B587954}.Debug|x86.Build.0 = Debug|Any CPU
		{A31979B4-4107-45C8-AF30-DF869B587954}.Release|Any CPU.ActiveCfg = Release|Any CPU
		{A31979B4-4107-45C8-AF30-DF869B587954}.Release|Any CPU.Build.0 = Release|Any CPU
		{A31979B4-4107-45C8-AF30-DF869B587954}.Release|x64.ActiveCfg = Release|Any CPU
		{A31979B4-4107-45C8-AF30-DF869B587954}.Release|x64.Build.0 = Release|Any CPU
		{A31979B4-4107-45C8-AF30-DF869B587954}.Release|x86.ActiveCfg = Release|Any CPU
		{A31979B4-4107-45C8-AF30-DF869B587954}.Release|x86.Build.0 = Release|Any CPU
		{B2262BFD-F69A-4BFD-BA47-5D483587D752}.Debug|Any CPU.ActiveCfg = Debug|Any CPU
		{B2262BFD-F69A-4BFD-BA47-5D483587D752}.Debug|Any CPU.Build.0 = Debug|Any CPU
		{B2262BFD-F69A-4BFD-BA47-5D483587D752}.Debug|x64.ActiveCfg = Debug|Any CPU
		{B2262BFD-F69A-4BFD-BA47-5D483587D752}.Debug|x64.Build.0 = Debug|Any CPU
		{B2262BFD-F69A-4BFD-BA47-5D483587D752}.Debug|x86.ActiveCfg = Debug|Any CPU
		{B2262BFD-F69A-4BFD-BA47-5D483587D752}.Debug|x86.Build.0 = Debug|Any CPU
		{B2262BFD-F69A-4BFD-BA47-5D483587D752}.Release|Any CPU.ActiveCfg = Release|Any CPU
		{B2262BFD-F69A-4BFD-BA47-5D483587D752}.Release|Any CPU.Build.0 = Release|Any CPU
		{B2262BFD-F69A-4BFD-BA47-5D483587D752}.Release|x64.ActiveCfg = Release|Any CPU
		{B2262BFD-F69A-4BFD-BA47-5D483587D752}.Release|x64.Build.0 = Release|Any CPU
		{B2262BFD-F69A-4BFD-BA47-5D483587D752}.Release|x86.ActiveCfg = Release|Any CPU
		{B2262BFD-F69A-4BFD-BA47-5D483587D752}.Release|x86.Build.0 = Release|Any CPU
		{788A102E-FB83-4603-BF9F-9713B2198DB4}.Debug|Any CPU.ActiveCfg = Debug|Any CPU
		{788A102E-FB83-4603-BF9F-9713B2198DB4}.Debug|Any CPU.Build.0 = Debug|Any CPU
		{788A102E-FB83-4603-BF9F-9713B2198DB4}.Debug|x64.ActiveCfg = Debug|Any CPU
		{788A102E-FB83-4603-BF9F-9713B2198DB4}.Debug|x64.Build.0 = Debug|Any CPU
		{788A102E-FB83-4603-BF9F-9713B2198DB4}.Debug|x86.ActiveCfg = Debug|Any CPU
		{788A102E-FB83-4603-BF9F-9713B2198DB4}.Debug|x86.Build.0 = Debug|Any CPU
		{788A102E-FB83-4603-BF9F-9713B2198DB4}.Release|Any CPU.ActiveCfg = Release|Any CPU
		{788A102E-FB83-4603-BF9F-9713B2198DB4}.Release|Any CPU.Build.0 = Release|Any CPU
		{788A102E-FB83-4603-BF9F-9713B2198DB4}.Release|x64.ActiveCfg = Release|Any CPU
		{788A102E-FB83-4603-BF9F-9713B2198DB4}.Release|x64.Build.0 = Release|Any CPU
		{788A102E-FB83-4603-BF9F-9713B2198DB4}.Release|x86.ActiveCfg = Release|Any CPU
		{788A102E-FB83-4603-BF9F-9713B2198DB4}.Release|x86.Build.0 = Release|Any CPU
		{B92372D5-7E93-44A4-8A56-F3DB42F64EEC}.Debug|Any CPU.ActiveCfg = Debug|Any CPU
		{B92372D5-7E93-44A4-8A56-F3DB42F64EEC}.Debug|Any CPU.Build.0 = Debug|Any CPU
		{B92372D5-7E93-44A4-8A56-F3DB42F64EEC}.Debug|x64.ActiveCfg = Debug|Any CPU
		{B92372D5-7E93-44A4-8A56-F3DB42F64EEC}.Debug|x64.Build.0 = Debug|Any CPU
		{B92372D5-7E93-44A4-8A56-F3DB42F64EEC}.Debug|x86.ActiveCfg = Debug|Any CPU
		{B92372D5-7E93-44A4-8A56-F3DB42F64EEC}.Debug|x86.Build.0 = Debug|Any CPU
		{B92372D5-7E93-44A4-8A56-F3DB42F64EEC}.Release|Any CPU.ActiveCfg = Release|Any CPU
		{B92372D5-7E93-44A4-8A56-F3DB42F64EEC}.Release|Any CPU.Build.0 = Release|Any CPU
		{B92372D5-7E93-44A4-8A56-F3DB42F64EEC}.Release|x64.ActiveCfg = Release|Any CPU
		{B92372D5-7E93-44A4-8A56-F3DB42F64EEC}.Release|x64.Build.0 = Release|Any CPU
		{B92372D5-7E93-44A4-8A56-F3DB42F64EEC}.Release|x86.ActiveCfg = Release|Any CPU
		{B92372D5-7E93-44A4-8A56-F3DB42F64EEC}.Release|x86.Build.0 = Release|Any CPU
		{EC11F81F-45E4-4A99-87D4-9FB0E180FCAA}.Debug|Any CPU.ActiveCfg = Debug|Any CPU
		{EC11F81F-45E4-4A99-87D4-9FB0E180FCAA}.Debug|Any CPU.Build.0 = Debug|Any CPU
		{EC11F81F-45E4-4A99-87D4-9FB0E180FCAA}.Debug|x64.ActiveCfg = Debug|Any CPU
		{EC11F81F-45E4-4A99-87D4-9FB0E180FCAA}.Debug|x64.Build.0 = Debug|Any CPU
		{EC11F81F-45E4-4A99-87D4-9FB0E180FCAA}.Debug|x86.ActiveCfg = Debug|Any CPU
		{EC11F81F-45E4-4A99-87D4-9FB0E180FCAA}.Debug|x86.Build.0 = Debug|Any CPU
		{EC11F81F-45E4-4A99-87D4-9FB0E180FCAA}.Release|Any CPU.ActiveCfg = Release|Any CPU
		{EC11F81F-45E4-4A99-87D4-9FB0E180FCAA}.Release|Any CPU.Build.0 = Release|Any CPU
		{EC11F81F-45E4-4A99-87D4-9FB0E180FCAA}.Release|x64.ActiveCfg = Release|Any CPU
		{EC11F81F-45E4-4A99-87D4-9FB0E180FCAA}.Release|x64.Build.0 = Release|Any CPU
		{EC11F81F-45E4-4A99-87D4-9FB0E180FCAA}.Release|x86.ActiveCfg = Release|Any CPU
		{EC11F81F-45E4-4A99-87D4-9FB0E180FCAA}.Release|x86.Build.0 = Release|Any CPU
		{815E2186-58E5-4988-97FB-C37AE0AD1F99}.Debug|Any CPU.ActiveCfg = Debug|Any CPU
		{815E2186-58E5-4988-97FB-C37AE0AD1F99}.Debug|Any CPU.Build.0 = Debug|Any CPU
		{815E2186-58E5-4988-97FB-C37AE0AD1F99}.Debug|x64.ActiveCfg = Debug|Any CPU
		{815E2186-58E5-4988-97FB-C37AE0AD1F99}.Debug|x64.Build.0 = Debug|Any CPU
		{815E2186-58E5-4988-97FB-C37AE0AD1F99}.Debug|x86.ActiveCfg = Debug|Any CPU
		{815E2186-58E5-4988-97FB-C37AE0AD1F99}.Debug|x86.Build.0 = Debug|Any CPU
		{815E2186-58E5-4988-97FB-C37AE0AD1F99}.Release|Any CPU.ActiveCfg = Release|Any CPU
		{815E2186-58E5-4988-97FB-C37AE0AD1F99}.Release|Any CPU.Build.0 = Release|Any CPU
		{815E2186-58E5-4988-97FB-C37AE0AD1F99}.Release|x64.ActiveCfg = Release|Any CPU
		{815E2186-58E5-4988-97FB-C37AE0AD1F99}.Release|x64.Build.0 = Release|Any CPU
		{815E2186-58E5-4988-97FB-C37AE0AD1F99}.Release|x86.ActiveCfg = Release|Any CPU
		{815E2186-58E5-4988-97FB-C37AE0AD1F99}.Release|x86.Build.0 = Release|Any CPU
		{872E061A-8DA1-4015-A8D2-882D9DDAEEF7}.Debug|Any CPU.ActiveCfg = Debug|Any CPU
		{872E061A-8DA1-4015-A8D2-882D9DDAEEF7}.Debug|Any CPU.Build.0 = Debug|Any CPU
		{872E061A-8DA1-4015-A8D2-882D9DDAEEF7}.Debug|x64.ActiveCfg = Debug|Any CPU
		{872E061A-8DA1-4015-A8D2-882D9DDAEEF7}.Debug|x64.Build.0 = Debug|Any CPU
		{872E061A-8DA1-4015-A8D2-882D9DDAEEF7}.Debug|x86.ActiveCfg = Debug|Any CPU
		{872E061A-8DA1-4015-A8D2-882D9DDAEEF7}.Debug|x86.Build.0 = Debug|Any CPU
		{872E061A-8DA1-4015-A8D2-882D9DDAEEF7}.Release|Any CPU.ActiveCfg = Release|Any CPU
		{872E061A-8DA1-4015-A8D2-882D9DDAEEF7}.Release|Any CPU.Build.0 = Release|Any CPU
		{872E061A-8DA1-4015-A8D2-882D9DDAEEF7}.Release|x64.ActiveCfg = Release|Any CPU
		{872E061A-8DA1-4015-A8D2-882D9DDAEEF7}.Release|x64.Build.0 = Release|Any CPU
		{872E061A-8DA1-4015-A8D2-882D9DDAEEF7}.Release|x86.ActiveCfg = Release|Any CPU
		{872E061A-8DA1-4015-A8D2-882D9DDAEEF7}.Release|x86.Build.0 = Release|Any CPU
		{69990B21-FD82-48F8-A2B5-194C6FE9F96A}.Debug|Any CPU.ActiveCfg = Debug|Any CPU
		{69990B21-FD82-48F8-A2B5-194C6FE9F96A}.Debug|Any CPU.Build.0 = Debug|Any CPU
		{69990B21-FD82-48F8-A2B5-194C6FE9F96A}.Debug|x64.ActiveCfg = Debug|Any CPU
		{69990B21-FD82-48F8-A2B5-194C6FE9F96A}.Debug|x64.Build.0 = Debug|Any CPU
		{69990B21-FD82-48F8-A2B5-194C6FE9F96A}.Debug|x86.ActiveCfg = Debug|Any CPU
		{69990B21-FD82-48F8-A2B5-194C6FE9F96A}.Debug|x86.Build.0 = Debug|Any CPU
		{69990B21-FD82-48F8-A2B5-194C6FE9F96A}.Release|Any CPU.ActiveCfg = Release|Any CPU
		{69990B21-FD82-48F8-A2B5-194C6FE9F96A}.Release|Any CPU.Build.0 = Release|Any CPU
		{69990B21-FD82-48F8-A2B5-194C6FE9F96A}.Release|x64.ActiveCfg = Release|Any CPU
		{69990B21-FD82-48F8-A2B5-194C6FE9F96A}.Release|x64.Build.0 = Release|Any CPU
		{69990B21-FD82-48F8-A2B5-194C6FE9F96A}.Release|x86.ActiveCfg = Release|Any CPU
		{69990B21-FD82-48F8-A2B5-194C6FE9F96A}.Release|x86.Build.0 = Release|Any CPU
		{B0974B7A-6244-4531-8EDF-1A615B9D6417}.Debug|Any CPU.ActiveCfg = Debug|Any CPU
		{B0974B7A-6244-4531-8EDF-1A615B9D6417}.Debug|Any CPU.Build.0 = Debug|Any CPU
		{B0974B7A-6244-4531-8EDF-1A615B9D6417}.Debug|x64.ActiveCfg = Debug|Any CPU
		{B0974B7A-6244-4531-8EDF-1A615B9D6417}.Debug|x64.Build.0 = Debug|Any CPU
		{B0974B7A-6244-4531-8EDF-1A615B9D6417}.Debug|x86.ActiveCfg = Debug|Any CPU
		{B0974B7A-6244-4531-8EDF-1A615B9D6417}.Debug|x86.Build.0 = Debug|Any CPU
		{B0974B7A-6244-4531-8EDF-1A615B9D6417}.Release|Any CPU.ActiveCfg = Release|Any CPU
		{B0974B7A-6244-4531-8EDF-1A615B9D6417}.Release|Any CPU.Build.0 = Release|Any CPU
		{B0974B7A-6244-4531-8EDF-1A615B9D6417}.Release|x64.ActiveCfg = Release|Any CPU
		{B0974B7A-6244-4531-8EDF-1A615B9D6417}.Release|x64.Build.0 = Release|Any CPU
		{B0974B7A-6244-4531-8EDF-1A615B9D6417}.Release|x86.ActiveCfg = Release|Any CPU
		{B0974B7A-6244-4531-8EDF-1A615B9D6417}.Release|x86.Build.0 = Release|Any CPU
		{1E096092-2340-4DDD-AC36-BF1F0F67DE22}.Debug|Any CPU.ActiveCfg = Debug|Any CPU
		{1E096092-2340-4DDD-AC36-BF1F0F67DE22}.Debug|Any CPU.Build.0 = Debug|Any CPU
		{1E096092-2340-4DDD-AC36-BF1F0F67DE22}.Debug|x64.ActiveCfg = Debug|Any CPU
		{1E096092-2340-4DDD-AC36-BF1F0F67DE22}.Debug|x64.Build.0 = Debug|Any CPU
		{1E096092-2340-4DDD-AC36-BF1F0F67DE22}.Debug|x86.ActiveCfg = Debug|Any CPU
		{1E096092-2340-4DDD-AC36-BF1F0F67DE22}.Debug|x86.Build.0 = Debug|Any CPU
		{1E096092-2340-4DDD-AC36-BF1F0F67DE22}.Release|Any CPU.ActiveCfg = Release|Any CPU
		{1E096092-2340-4DDD-AC36-BF1F0F67DE22}.Release|Any CPU.Build.0 = Release|Any CPU
		{1E096092-2340-4DDD-AC36-BF1F0F67DE22}.Release|x64.ActiveCfg = Release|Any CPU
		{1E096092-2340-4DDD-AC36-BF1F0F67DE22}.Release|x64.Build.0 = Release|Any CPU
		{1E096092-2340-4DDD-AC36-BF1F0F67DE22}.Release|x86.ActiveCfg = Release|Any CPU
		{1E096092-2340-4DDD-AC36-BF1F0F67DE22}.Release|x86.Build.0 = Release|Any CPU
		{884B4ADE-A939-4385-8AB5-CBE2A7F101AC}.Debug|Any CPU.ActiveCfg = Debug|Any CPU
		{884B4ADE-A939-4385-8AB5-CBE2A7F101AC}.Debug|Any CPU.Build.0 = Debug|Any CPU
		{884B4ADE-A939-4385-8AB5-CBE2A7F101AC}.Debug|x64.ActiveCfg = Debug|Any CPU
		{884B4ADE-A939-4385-8AB5-CBE2A7F101AC}.Debug|x64.Build.0 = Debug|Any CPU
		{884B4ADE-A939-4385-8AB5-CBE2A7F101AC}.Debug|x86.ActiveCfg = Debug|Any CPU
		{884B4ADE-A939-4385-8AB5-CBE2A7F101AC}.Debug|x86.Build.0 = Debug|Any CPU
		{884B4ADE-A939-4385-8AB5-CBE2A7F101AC}.Release|Any CPU.ActiveCfg = Release|Any CPU
		{884B4ADE-A939-4385-8AB5-CBE2A7F101AC}.Release|Any CPU.Build.0 = Release|Any CPU
		{884B4ADE-A939-4385-8AB5-CBE2A7F101AC}.Release|x64.ActiveCfg = Release|Any CPU
		{884B4ADE-A939-4385-8AB5-CBE2A7F101AC}.Release|x64.Build.0 = Release|Any CPU
		{884B4ADE-A939-4385-8AB5-CBE2A7F101AC}.Release|x86.ActiveCfg = Release|Any CPU
		{884B4ADE-A939-4385-8AB5-CBE2A7F101AC}.Release|x86.Build.0 = Release|Any CPU
		{8C61F958-AD09-425E-AB8C-504878EDD2E8}.Debug|Any CPU.ActiveCfg = Debug|Any CPU
		{8C61F958-AD09-425E-AB8C-504878EDD2E8}.Debug|Any CPU.Build.0 = Debug|Any CPU
		{8C61F958-AD09-425E-AB8C-504878EDD2E8}.Debug|x64.ActiveCfg = Debug|Any CPU
		{8C61F958-AD09-425E-AB8C-504878EDD2E8}.Debug|x64.Build.0 = Debug|Any CPU
		{8C61F958-AD09-425E-AB8C-504878EDD2E8}.Debug|x86.ActiveCfg = Debug|Any CPU
		{8C61F958-AD09-425E-AB8C-504878EDD2E8}.Debug|x86.Build.0 = Debug|Any CPU
		{8C61F958-AD09-425E-AB8C-504878EDD2E8}.Release|Any CPU.ActiveCfg = Release|Any CPU
		{8C61F958-AD09-425E-AB8C-504878EDD2E8}.Release|Any CPU.Build.0 = Release|Any CPU
		{8C61F958-AD09-425E-AB8C-504878EDD2E8}.Release|x64.ActiveCfg = Release|Any CPU
		{8C61F958-AD09-425E-AB8C-504878EDD2E8}.Release|x64.Build.0 = Release|Any CPU
		{8C61F958-AD09-425E-AB8C-504878EDD2E8}.Release|x86.ActiveCfg = Release|Any CPU
		{8C61F958-AD09-425E-AB8C-504878EDD2E8}.Release|x86.Build.0 = Release|Any CPU
		{347CBB80-A7FA-40B2-AA98-50684C137799}.Debug|Any CPU.ActiveCfg = Debug|Any CPU
		{347CBB80-A7FA-40B2-AA98-50684C137799}.Debug|Any CPU.Build.0 = Debug|Any CPU
		{347CBB80-A7FA-40B2-AA98-50684C137799}.Debug|x64.ActiveCfg = Debug|Any CPU
		{347CBB80-A7FA-40B2-AA98-50684C137799}.Debug|x64.Build.0 = Debug|Any CPU
		{347CBB80-A7FA-40B2-AA98-50684C137799}.Debug|x86.ActiveCfg = Debug|Any CPU
		{347CBB80-A7FA-40B2-AA98-50684C137799}.Debug|x86.Build.0 = Debug|Any CPU
		{347CBB80-A7FA-40B2-AA98-50684C137799}.Release|Any CPU.ActiveCfg = Release|Any CPU
		{347CBB80-A7FA-40B2-AA98-50684C137799}.Release|Any CPU.Build.0 = Release|Any CPU
		{347CBB80-A7FA-40B2-AA98-50684C137799}.Release|x64.ActiveCfg = Release|Any CPU
		{347CBB80-A7FA-40B2-AA98-50684C137799}.Release|x64.Build.0 = Release|Any CPU
		{347CBB80-A7FA-40B2-AA98-50684C137799}.Release|x86.ActiveCfg = Release|Any CPU
		{347CBB80-A7FA-40B2-AA98-50684C137799}.Release|x86.Build.0 = Release|Any CPU
		{E0D121A3-4F6A-408F-B50B-426D8D71507C}.Debug|Any CPU.ActiveCfg = Debug|Any CPU
		{E0D121A3-4F6A-408F-B50B-426D8D71507C}.Debug|Any CPU.Build.0 = Debug|Any CPU
		{E0D121A3-4F6A-408F-B50B-426D8D71507C}.Debug|x64.ActiveCfg = Debug|Any CPU
		{E0D121A3-4F6A-408F-B50B-426D8D71507C}.Debug|x64.Build.0 = Debug|Any CPU
		{E0D121A3-4F6A-408F-B50B-426D8D71507C}.Debug|x86.ActiveCfg = Debug|Any CPU
		{E0D121A3-4F6A-408F-B50B-426D8D71507C}.Debug|x86.Build.0 = Debug|Any CPU
		{E0D121A3-4F6A-408F-B50B-426D8D71507C}.Release|Any CPU.ActiveCfg = Release|Any CPU
		{E0D121A3-4F6A-408F-B50B-426D8D71507C}.Release|Any CPU.Build.0 = Release|Any CPU
		{E0D121A3-4F6A-408F-B50B-426D8D71507C}.Release|x64.ActiveCfg = Release|Any CPU
		{E0D121A3-4F6A-408F-B50B-426D8D71507C}.Release|x64.Build.0 = Release|Any CPU
		{E0D121A3-4F6A-408F-B50B-426D8D71507C}.Release|x86.ActiveCfg = Release|Any CPU
		{E0D121A3-4F6A-408F-B50B-426D8D71507C}.Release|x86.Build.0 = Release|Any CPU
		{E019D0D6-331C-4653-B2A9-FE93EDF4100E}.Debug|Any CPU.ActiveCfg = Debug|Any CPU
		{E019D0D6-331C-4653-B2A9-FE93EDF4100E}.Debug|Any CPU.Build.0 = Debug|Any CPU
		{E019D0D6-331C-4653-B2A9-FE93EDF4100E}.Debug|x64.ActiveCfg = Debug|Any CPU
		{E019D0D6-331C-4653-B2A9-FE93EDF4100E}.Debug|x64.Build.0 = Debug|Any CPU
		{E019D0D6-331C-4653-B2A9-FE93EDF4100E}.Debug|x86.ActiveCfg = Debug|Any CPU
		{E019D0D6-331C-4653-B2A9-FE93EDF4100E}.Debug|x86.Build.0 = Debug|Any CPU
		{E019D0D6-331C-4653-B2A9-FE93EDF4100E}.Release|Any CPU.ActiveCfg = Release|Any CPU
		{E019D0D6-331C-4653-B2A9-FE93EDF4100E}.Release|Any CPU.Build.0 = Release|Any CPU
		{E019D0D6-331C-4653-B2A9-FE93EDF4100E}.Release|x64.ActiveCfg = Release|Any CPU
		{E019D0D6-331C-4653-B2A9-FE93EDF4100E}.Release|x64.Build.0 = Release|Any CPU
		{E019D0D6-331C-4653-B2A9-FE93EDF4100E}.Release|x86.ActiveCfg = Release|Any CPU
		{E019D0D6-331C-4653-B2A9-FE93EDF4100E}.Release|x86.Build.0 = Release|Any CPU
		{B389AAD6-1856-435B-AC3E-31F91915C56B}.Debug|Any CPU.ActiveCfg = Debug|Any CPU
		{B389AAD6-1856-435B-AC3E-31F91915C56B}.Debug|Any CPU.Build.0 = Debug|Any CPU
		{B389AAD6-1856-435B-AC3E-31F91915C56B}.Debug|x64.ActiveCfg = Debug|Any CPU
		{B389AAD6-1856-435B-AC3E-31F91915C56B}.Debug|x64.Build.0 = Debug|Any CPU
		{B389AAD6-1856-435B-AC3E-31F91915C56B}.Debug|x86.ActiveCfg = Debug|Any CPU
		{B389AAD6-1856-435B-AC3E-31F91915C56B}.Debug|x86.Build.0 = Debug|Any CPU
		{B389AAD6-1856-435B-AC3E-31F91915C56B}.Release|Any CPU.ActiveCfg = Release|Any CPU
		{B389AAD6-1856-435B-AC3E-31F91915C56B}.Release|Any CPU.Build.0 = Release|Any CPU
		{B389AAD6-1856-435B-AC3E-31F91915C56B}.Release|x64.ActiveCfg = Release|Any CPU
		{B389AAD6-1856-435B-AC3E-31F91915C56B}.Release|x64.Build.0 = Release|Any CPU
		{B389AAD6-1856-435B-AC3E-31F91915C56B}.Release|x86.ActiveCfg = Release|Any CPU
		{B389AAD6-1856-435B-AC3E-31F91915C56B}.Release|x86.Build.0 = Release|Any CPU
		{C08A1D46-6375-4FB0-B248-AE94A0A34A38}.Debug|Any CPU.ActiveCfg = Debug|Any CPU
		{C08A1D46-6375-4FB0-B248-AE94A0A34A38}.Debug|Any CPU.Build.0 = Debug|Any CPU
		{C08A1D46-6375-4FB0-B248-AE94A0A34A38}.Debug|x64.ActiveCfg = Debug|Any CPU
		{C08A1D46-6375-4FB0-B248-AE94A0A34A38}.Debug|x64.Build.0 = Debug|Any CPU
		{C08A1D46-6375-4FB0-B248-AE94A0A34A38}.Debug|x86.ActiveCfg = Debug|Any CPU
		{C08A1D46-6375-4FB0-B248-AE94A0A34A38}.Debug|x86.Build.0 = Debug|Any CPU
		{C08A1D46-6375-4FB0-B248-AE94A0A34A38}.Release|Any CPU.ActiveCfg = Release|Any CPU
		{C08A1D46-6375-4FB0-B248-AE94A0A34A38}.Release|Any CPU.Build.0 = Release|Any CPU
		{C08A1D46-6375-4FB0-B248-AE94A0A34A38}.Release|x64.ActiveCfg = Release|Any CPU
		{C08A1D46-6375-4FB0-B248-AE94A0A34A38}.Release|x64.Build.0 = Release|Any CPU
		{C08A1D46-6375-4FB0-B248-AE94A0A34A38}.Release|x86.ActiveCfg = Release|Any CPU
		{C08A1D46-6375-4FB0-B248-AE94A0A34A38}.Release|x86.Build.0 = Release|Any CPU
	EndGlobalSection
	GlobalSection(SolutionProperties) = preSolution
		HideSolutionNode = FALSE
	EndGlobalSection
	GlobalSection(NestedProjects) = preSolution
		{872E061A-8DA1-4015-A8D2-882D9DDAEEF7} = {0AB3BF05-4346-4AA6-1389-037BE0695223}
		{69990B21-FD82-48F8-A2B5-194C6FE9F96A} = {0AB3BF05-4346-4AA6-1389-037BE0695223}
		{B0974B7A-6244-4531-8EDF-1A615B9D6417} = {0AB3BF05-4346-4AA6-1389-037BE0695223}
		{8C61F958-AD09-425E-AB8C-504878EDD2E8} = {0AB3BF05-4346-4AA6-1389-037BE0695223}
		{347CBB80-A7FA-40B2-AA98-50684C137799} = {0AB3BF05-4346-4AA6-1389-037BE0695223}
		{B389AAD6-1856-435B-AC3E-31F91915C56B} = {0AB3BF05-4346-4AA6-1389-037BE0695223}
		{C08A1D46-6375-4FB0-B248-AE94A0A34A38} = {0AB3BF05-4346-4AA6-1389-037BE0695223}
	EndGlobalSection
EndGlobal
