
Microsoft Visual Studio Solution File, Format Version 12.00
Project("{2150E333-8FDC-42A3-9474-1A3956D46DE8}") = "RuleEngine", "RuleEngine", "{D11935B8-ACD0-5B0F-67E4-C85B816EEDE4}"
EndProject
Project("{FAE04EC0-301F-11D3-BF4B-00C04F79EFBC}") = "RulesEngine.Cli", "src\RulesEngine.Cli\RulesEngine.Cli.csproj", "{A31979B4-4107-45C8-AF30-DF869B587954}"
EndProject
Project("{FAE04EC0-301F-11D3-BF4B-00C04F79EFBC}") = "RulesEngine.Core", "src\RulesEngine.Core\RulesEngine.Core.csproj", "{B2262BFD-F69A-4BFD-BA47-5D483587D752}"
EndProject
Project("{FAE04EC0-301F-11D3-BF4B-00C04F79EFBC}") = "RulesEngine.Analysis", "src\RulesEngine.Analysis\RulesEngine.Analysis.csproj", "{788A102E-FB83-4603-BF9F-9713B2198DB4}"
EndProject
Project("{FAE04EC0-301F-11D3-BF4B-00C04F79EFBC}") = "RulesEngine.RuleModel", "src\RulesEngine.RuleModel\RulesEngine.RuleModel.csproj", "{B92372D5-7E93-44A4-8A56-F3DB42F64EEC}"
EndProject
Project("{FAE04EC0-301F-11D3-BF4B-00C04F79EFBC}") = "RulesEngine.Evaluation", "src\RulesEngine.Evaluation\RulesEngine.Evaluation.csproj", "{EC11F81F-45E4-4A99-87D4-9FB0E180FCAA}"
EndProject
Project("{FAE04EC0-301F-11D3-BF4B-00C04F79EFBC}") = "RulesEngine.Reporting", "src\RulesEngine.Reporting\RulesEngine.Reporting.csproj", "{815E2186-58E5-4988-97FB-C37AE0AD1F99}"
EndProject
Project("{2150E333-8FDC-42A3-9474-1A3956D46DE8}") = "tests", "tests", "{0AB3BF05-4346-4AA6-1389-037BE0695223}"
EndProject
Project("{FAE04EC0-301F-11D3-BF4B-00C04F79EFBC}") = "RulesEngine.Core.Tests", "tests\RulesEngine.Core.Tests\RulesEngine.Core.Tests.csproj", "{872E061A-8DA1-4015-A8D2-882D9DDAEEF7}"
EndProject
Project("{FAE04EC0-301F-11D3-BF4B-00C04F79EFBC}") = "RulesEngine.Evaluation.Tests", "tests\RulesEngine.Evaluation.Tests\RulesEngine.Evaluation.Tests.csproj", "{69990B21-FD82-48F8-A2B5-194C6FE9F96A}"
EndProject
Project("{FAE04EC0-301F-11D3-BF4B-00C04F79EFBC}") = "RulesEngine.Configuration.Tests", "tests\RulesEngine.Configuration.Tests\RulesEngine.Configuration.Tests.csproj", "{B0974B7A-6244-4531-8EDF-1A615B9D6417}"
EndProject
Project("{FAE04EC0-301F-11D3-BF4B-00C04F79EFBC}") = "RulesEngine.Configuration", "src\RulesEngine.Configuration\RulesEngine.Configuration.csproj", "{1E096092-2340-4DDD-AC36-BF1F0F67DE22}"
EndProject
Project("{FAE04EC0-301F-11D3-BF4B-00C04F79EFBC}") = "RulesEngine.Analyzers.Roslyn", "src\RulesEngine.Analyzers.Roslyn\RulesEngine.Analyzers.Roslyn.csproj", "{884B4ADE-A939-4385-8AB5-CBE2A7F101AC}"
EndProject
Project("{FAE04EC0-301F-11D3-BF4B-00C04F79EFBC}") = "RulesEngine.Analyzers.Roslyn.Tests", "tests\RulesEngine.Analyzers.Roslyn.Tests\RulesEngine.Analyzers.Roslyn.Tests.csproj", "{8C61F958-AD09-425E-AB8C-504878EDD2E8}"
EndProject
Project("{FAE04EC0-301F-11D3-BF4B-00C04F79EFBC}") = "RulesEngine.IntegrationTests", "tests\RulesEngine.IntegrationTests\RulesEngine.IntegrationTests.csproj", "{347CBB80-A7FA-40B2-AA98-50684C137799}"
EndProject
Project("{FAE04EC0-301F-11D3-BF4B-00C04F79EFBC}") = "RulesEngine.Analyzers.MSBuild", "src\RulesEngine.Analyzers.MSBuild\RulesEngine.Analyzers.MSBuild.csproj", "{E0D121A3-4F6A-408F-B50B-426D8D71507C}"
EndProject
Project("{FAE04EC0-301F-11D3-BF4B-00C04F79EFBC}") = "RulesEngine.Analyzers.Repository", "src\RulesEngine.Analyzers.Repository\RulesEngine.Analyzers.Repository.csproj", "{E019D0D6-331C-4653-B2A9-FE93EDF4100E}"
EndProject
Project("{FAE04EC0-301F-11D3-BF4B-00C04F79EFBC}") = "RulesEngine.Analyzers.Repository.Tests", "tests\RulesEngine.Analyzers.Repository.Tests\RulesEngine.Analyzers.Repository.Tests.csproj", "{B389AAD6-1856-435B-AC3E-31F91915C56B}"
EndProject
Global
	GlobalSection(SolutionConfigurationPlatforms) = preSolution
		Debug|Any CPU = Debug|Any CPU
		Debug|x64 = Debug|x64
		Debug|x86 = Debug|x86
		Release|Any CPU = Release|Any CPU
		Release|x64 = Release|x64
		Release|x86 = Release|x86
	EndGlobalSection
	GlobalSection(ProjectConfigurationPlatforms) = postSolution
		{A31979B4-4107-45C8-AF30-DF869B587954}.Debug|Any CPU.ActiveCfg = Debug|Any CPU
		{A31979B4-4107-45C8-AF30-DF869B587954}.Debug|Any CPU.Build.0 = Debug|Any CPU
		{A31979B4-4107-45C8-AF30-DF869B587954}.Debug|x64.ActiveCfg = Debug|Any CPU
		{A31979B4-4107-45C8-AF30-DF869B587954}.Debug|x64.Build.0 = Debug|Any CPU
		{A31979B4-4107-45C8-AF30-DF869B587954}.Debug|x86.ActiveCfg = Debug|Any CPU
		{A31979B4-4107-45C8-AF30-DF869B587954}.Debug|x86.Build.0 = Debug|Any CPU
		{A31979B4-4107-45C8-AF30-DF869B587954}.Release|Any CPU.ActiveCfg = Release|Any CPU
		{A31979B4-4107-45C8-AF30-DF869B587954}.Release|Any CPU.Build.0 = Release|Any CPU
		{A31979B4-4107-45C8-AF30-DF869B587954}.Release|x64.ActiveCfg = Release|Any CPU
		{A31979B4-4107-45C8-AF30-DF869B587954}.Release|x64.Build.0 = Release|Any CPU
		{A31979B4-4107-45C8-AF30-DF869B587954}.Release|x86.ActiveCfg = Release|Any CPU
		{A31979B4-4107-45C8-AF30-DF869B587954}.Release|x86.Build.0 = Release|Any CPU
		{B2262BFD-F69A-4BFD-BA47-5D483587D752}.Debug|Any CPU.ActiveCfg = Debug|Any CPU
		{B2262BFD-F69A-4BFD-BA47-5D483587D752}.Debug|Any CPU.Build.0 = Debug|Any CPU
		{B2262BFD-F69A-4BFD-BA47-5D483587D752}.Debug|x64.ActiveCfg = Debug|Any CPU
		{B2262BFD-F69A-4BFD-BA47-5D483587D752}.Debug|x64.Build.0 = Debug|Any CPU
		{B2262BFD-F69A-4BFD-BA47-5D483587D752}.Debug|x86.ActiveCfg = Debug|Any CPU
		{B2262BFD-F69A-4BFD-BA47-5D483587D752}.Debug|x86.Build.0 = Debug|Any CPU
		{B2262BFD-F69A-4BFD-BA47-5D483587D752}.Release|Any CPU.ActiveCfg = Release|Any CPU
		{B2262BFD-F69A-4BFD-BA47-5D483587D752}.Release|Any CPU.Build.0 = Release|Any CPU
		{B2262BFD-F69A-4BFD-BA47-5D483587D752}.Release|x64.ActiveCfg = Release|Any CPU
		{B2262BFD-F69A-4BFD-BA47-5D483587D752}.Release|x64.Build.0 = Release|Any CPU
		{B2262BFD-F69A-4BFD-BA47-5D483587D752}.Release|x86.ActiveCfg = Release|Any CPU
		{B2262BFD-F69A-4BFD-BA47-5D483587D752}.Release|x86.Build.0 = Release|Any CPU
		{788A102E-FB83-4603-BF9F-9713B2198DB4}.Debug|Any CPU.ActiveCfg = Debug|Any CPU
		{788A102E-FB83-4603-BF9F-9713B2198DB4}.Debug|Any CPU.Build.0 = Debug|Any CPU
		{788A102E-FB83-4603-BF9F-9713B2198DB4}.Debug|x64.ActiveCfg = Debug|Any CPU
		{788A102E-FB83-4603-BF9F-9713B2198DB4}.Debug|x64.Build.0 = Debug|Any CPU
		{788A102E-FB83-4603-BF9F-9713B2198DB4}.Debug|x86.ActiveCfg = Debug|Any CPU
		{788A102E-FB83-4603-BF9F-9713B2198DB4}.Debug|x86.Build.0 = Debug|Any CPU
		{788A102E-FB83-4603-BF9F-9713B2198DB4}.Release|Any CPU.ActiveCfg = Release|Any CPU
		{788A102E-FB83-4603-BF9F-9713B2198DB4}.Release|Any CPU.Build.0 = Release|Any CPU
		{788A102E-FB83-4603-BF9F-9713B2198DB4}.Release|x64.ActiveCfg = Release|Any CPU
		{788A102E-FB83-4603-BF9F-9713B2198DB4}.Release|x64.Build.0 = Release|Any CPU
		{788A102E-FB83-4603-BF9F-9713B2198DB4}.Release|x86.ActiveCfg = Release|Any CPU
		{788A102E-FB83-4603-BF9F-9713B2198DB4}.Release|x86.Build.0 = Release|Any CPU
		{B92372D5-7E93-44A4-8A56-F3DB42F64EEC}.Debug|Any CPU.ActiveCfg = Debug|Any CPU
		{B92372D5-7E93-44A4-8A56-F3DB42F64EEC}.Debug|Any CPU.Build.0 = Debug|Any CPU
		{B92372D5-7E93-44A4-8A56-F3DB42F64EEC}.Debug|x64.ActiveCfg = Debug|Any CPU
		{B92372D5-7E93-44A4-8A56-F3DB42F64EEC}.Debug|x64.Build.0 = Debug|Any CPU
		{B92372D5-7E93-44A4-8A56-F3DB42F64EEC}.Debug|x86.ActiveCfg = Debug|Any CPU
		{B92372D5-7E93-44A4-8A56-F3DB42F64EEC}.Debug|x86.Build.0 = Debug|Any CPU
		{B92372D5-7E93-44A4-8A56-F3DB42F64EEC}.Release|Any CPU.ActiveCfg = Release|Any CPU
		{B92372D5-7E93-44A4-8A56-F3DB42F64EEC}.Release|Any CPU.Build.0 = Release|Any CPU
		{B92372D5-7E93-44A4-8A56-F3DB42F64EEC}.Release|x64.ActiveCfg = Release|Any CPU
		{B92372D5-7E93-44A4-8A56-F3DB42F64EEC}.Release|x64.Build.0 = Release|Any CPU
		{B92372D5-7E93-44A4-8A56-F3DB42F64EEC}.Release|x86.ActiveCfg = Release|Any CPU
		{B92372D5-7E93-44A4-8A56-F3DB42F64EEC}.Release|x86.Build.0 = Release|Any CPU
		{EC11F81F-45E4-4A99-87D4-9FB0E180FCAA}.Debug|Any CPU.ActiveCfg = Debug|Any CPU
		{EC11F81F-45E4-4A99-87D4-9FB0E180FCAA}.Debug|Any CPU.Build.0 = Debug|Any CPU
		{EC11F81F-45E4-4A99-87D4-9FB0E180FCAA}.Debug|x64.ActiveCfg = Debug|Any CPU
		{EC11F81F-45E4-4A99-87D4-9FB0E180FCAA}.Debug|x64.Build.0 = Debug|Any CPU
		{EC11F81F-45E4-4A99-87D4-9FB0E180FCAA}.Debug|x86.ActiveCfg = Debug|Any CPU
		{EC11F81F-45E4-4A99-87D4-9FB0E180FCAA}.Debug|x86.Build.0 = Debug|Any CPU
		{EC11F81F-45E4-4A99-87D4-9FB0E180FCAA}.Release|Any CPU.ActiveCfg = Release|Any CPU
		{EC11F81F-45E4-4A99-87D4-9FB0E180FCAA}.Release|Any CPU.Build.0 = Release|Any CPU
		{EC11F81F-45E4-4A99-87D4-9FB0E180FCAA}.Release|x64.ActiveCfg = Release|Any CPU
		{EC11F81F-45E4-4A99-87D4-9FB0E180FCAA}.Release|x64.Build.0 = Release|Any CPU
		{EC11F81F-45E4-4A99-87D4-9FB0E180FCAA}.Release|x86.ActiveCfg = Release|Any CPU
		{EC11F81F-45E4-4A99-87D4-9FB0E180FCAA}.Release|x86.Build.0 = Release|Any CPU
		{815E2186-58E5-4988-97FB-C37AE0AD1F99}.Debug|Any CPU.ActiveCfg = Debug|Any CPU
		{815E2186-58E5-4988-97FB-C37AE0AD1F99}.Debug|Any CPU.Build.0 = Debug|Any CPU
		{815E2186-58E5-4988-97FB-C37AE0AD1F99}.Debug|x64.ActiveCfg = Debug|Any CPU
		{815E2186-58E5-4988-97FB-C37AE0AD1F99}.Debug|x64.Build.0 = Debug|Any CPU
		{815E2186-58E5-4988-97FB-C37AE0AD1F99}.Debug|x86.ActiveCfg = Debug|Any CPU
		{815E2186-58E5-4988-97FB-C37AE0AD1F99}.Debug|x86.Build.0 = Debug|Any CPU
		{815E2186-58E5-4988-97FB-C37AE0AD1F99}.Release|Any CPU.ActiveCfg = Release|Any CPU
		{815E2186-58E5-4988-97FB-C37AE0AD1F99}.Release|Any CPU.Build.0 = Release|Any CPU
		{815E2186-58E5-4988-97FB-C37AE0AD1F99}.Release|x64.ActiveCfg = Release|Any CPU
		{815E2186-58E5-4988-97FB-C37AE0AD1F99}.Release|x64.Build.0 = Release|Any CPU
		{815E2186-58E5-4988-97FB-C37AE0AD1F99}.Release|x86.ActiveCfg = Release|Any CPU
		{815E2186-58E5-4988-97FB-C37AE0AD1F99}.Release|x86.Build.0 = Release|Any CPU
		{872E061A-8DA1-4015-A8D2-882D9DDAEEF7}.Debug|Any CPU.ActiveCfg = Debug|Any CPU
		{872E061A-8DA1-4015-A8D2-882D9DDAEEF7}.Debug|Any CPU.Build.0 = Debug|Any CPU
		{872E061A-8DA1-4015-A8D2-882D9DDAEEF7}.Debug|x64.ActiveCfg = Debug|Any CPU
		{872E061A-8DA1-4015-A8D2-882D9DDAEEF7}.Debug|x64.Build.0 = Debug|Any CPU
		{872E061A-8DA1-4015-A8D2-882D9DDAEEF7}.Debug|x86.ActiveCfg = Debug|Any CPU
		{872E061A-8DA1-4015-A8D2-882D9DDAEEF7}.Debug|x86.Build.0 = Debug|Any CPU
		{872E061A-8DA1-4015-A8D2-882D9DDAEEF7}.Release|Any CPU.ActiveCfg = Release|Any CPU
		{872E061A-8DA1-4015-A8D2-882D9DDAEEF7}.Release|Any CPU.Build.0 = Release|Any CPU
		{872E061A-8DA1-4015-A8D2-882D9DDAEEF7}.Release|x64.ActiveCfg = Release|Any CPU
		{872E061A-8DA1-4015-A8D2-882D9DDAEEF7}.Release|x64.Build.0 = Release|Any CPU
		{872E061A-8DA1-4015-A8D2-882D9DDAEEF7}.Release|x86.ActiveCfg = Release|Any CPU
		{872E061A-8DA1-4015-A8D2-882D9DDAEEF7}.Release|x86.Build.0 = Release|Any CPU
		{69990B21-FD82-48F8-A2B5-194C6FE9F96A}.Debug|Any CPU.ActiveCfg = Debug|Any CPU
		{69990B21-FD82-48F8-A2B5-194C6FE9F96A}.Debug|Any CPU.Build.0 = Debug|Any CPU
		{69990B21-FD82-48F8-A2B5-194C6FE9F96A}.Debug|x64.ActiveCfg = Debug|Any CPU
		{69990B21-FD82-48F8-A2B5-194C6FE9F96A}.Debug|x64.Build.0 = Debug|Any CPU
		{69990B21-FD82-48F8-A2B5-194C6FE9F96A}.Debug|x86.ActiveCfg = Debug|Any CPU
		{69990B21-FD82-48F8-A2B5-194C6FE9F96A}.Debug|x86.Build.0 = Debug|Any CPU
		{69990B21-FD82-48F8-A2B5-194C6FE9F96A}.Release|Any CPU.ActiveCfg = Release|Any CPU
		{69990B21-FD82-48F8-A2B5-194C6FE9F96A}.Release|Any CPU.Build.0 = Release|Any CPU
		{69990B21-FD82-48F8-A2B5-194C6FE9F96A}.Release|x64.ActiveCfg = Release|Any CPU
		{69990B21-FD82-48F8-A2B5-194C6FE9F96A}.Release|x64.Build.0 = Release|Any CPU
		{69990B21-FD82-48F8-A2B5-194C6FE9F96A}.Release|x86.ActiveCfg = Release|Any CPU
		{69990B21-FD82-48F8-A2B5-194C6FE9F96A}.Release|x86.Build.0 = Release|Any CPU
		{B0974B7A-6244-4531-8EDF-1A615B9D6417}.Debug|Any CPU.ActiveCfg = Debug|Any CPU
		{B0974B7A-6244-4531-8EDF-1A615B9D6417}.Debug|Any CPU.Build.0 = Debug|Any CPU
		{B0974B7A-6244-4531-8EDF-1A615B9D6417}.Debug|x64.ActiveCfg = Debug|Any CPU
		{B0974B7A-6244-4531-8EDF-1A615B9D6417}.Debug|x64.Build.0 = Debug|Any CPU
		{B0974B7A-6244-4531-8EDF-1A615B9D6417}.Debug|x86.ActiveCfg = Debug|Any CPU
		{B0974B7A-6244-4531-8EDF-1A615B9D6417}.Debug|x86.Build.0 = Debug|Any CPU
		{B0974B7A-6244-4531-8EDF-1A615B9D6417}.Release|Any CPU.ActiveCfg = Release|Any CPU
		{B0974B7A-6244-4531-8EDF-1A615B9D6417}.Release|Any CPU.Build.0 = Release|Any CPU
		{B0974B7A-6244-4531-8EDF-1A615B9D6417}.Release|x64.ActiveCfg = Release|Any CPU
		{B0974B7A-6244-4531-8EDF-1A615B9D6417}.Release|x64.Build.0 = Release|Any CPU
		{B0974B7A-6244-4531-8EDF-1A615B9D6417}.Release|x86.ActiveCfg = Release|Any CPU
		{B0974B7A-6244-4531-8EDF-1A615B9D6417}.Release|x86.Build.0 = Release|Any CPU
		{1E096092-2340-4DDD-AC36-BF1F0F67DE22}.Debug|Any CPU.ActiveCfg = Debug|Any CPU
		{1E096092-2340-4DDD-AC36-BF1F0F67DE22}.Debug|Any CPU.Build.0 = Debug|Any CPU
		{1E096092-2340-4DDD-AC36-BF1F0F67DE22}.Debug|x64.ActiveCfg = Debug|Any CPU
		{1E096092-2340-4DDD-AC36-BF1F0F67DE22}.Debug|x64.Build.0 = Debug|Any CPU
		{1E096092-2340-4DDD-AC36-BF1F0F67DE22}.Debug|x86.ActiveCfg = Debug|Any CPU
		{1E096092-2340-4DDD-AC36-BF1F0F67DE22}.Debug|x86.Build.0 = Debug|Any CPU
		{1E096092-2340-4DDD-AC36-BF1F0F67DE22}.Release|Any CPU.ActiveCfg = Release|Any CPU
		{1E096092-2340-4DDD-AC36-BF1F0F67DE22}.Release|Any CPU.Build.0 = Release|Any CPU
		{1E096092-2340-4DDD-AC36-BF1F0F67DE22}.Release|x64.ActiveCfg = Release|Any CPU
		{1E096092-2340-4DDD-AC36-BF1F0F67DE22}.Release|x64.Build.0 = Release|Any CPU
		{1E096092-2340-4DDD-AC36-BF1F0F67DE22}.Release|x86.ActiveCfg = Release|Any CPU
		{1E096092-2340-4DDD-AC36-BF1F0F67DE22}.Release|x86.Build.0 = Release|Any CPU
		{884B4ADE-A939-4385-8AB5-CBE2A7F101AC}.Debug|Any CPU.ActiveCfg = Debug|Any CPU
		{884B4ADE-A939-4385-8AB5-CBE2A7F101AC}.Debug|Any CPU.Build.0 = Debug|Any CPU
		{884B4ADE-A939-4385-8AB5-CBE2A7F101AC}.Debug|x64.ActiveCfg = Debug|Any CPU
		{884B4ADE-A939-4385-8AB5-CBE2A7F101AC}.Debug|x64.Build.0 = Debug|Any CPU
		{884B4ADE-A939-4385-8AB5-CBE2A7F101AC}.Debug|x86.ActiveCfg = Debug|Any CPU
		{884B4ADE-A939-4385-8AB5-CBE2A7F101AC}.Debug|x86.Build.0 = Debug|Any CPU
		{884B4ADE-A939-4385-8AB5-CBE2A7F101AC}.Release|Any CPU.ActiveCfg = Release|Any CPU
		{884B4ADE-A939-4385-8AB5-CBE2A7F101AC}.Release|Any CPU.Build.0 = Release|Any CPU
		{884B4ADE-A939-4385-8AB5-CBE2A7F101AC}.Release|x64.ActiveCfg = Release|Any CPU
		{884B4ADE-A939-4385-8AB5-CBE2A7F101AC}.Release|x64.Build.0 = Release|Any CPU
		{884B4ADE-A939-4385-8AB5-CBE2A7F101AC}.Release|x86.ActiveCfg = Release|Any CPU
		{884B4ADE-A939-4385-8AB5-CBE2A7F101AC}.Release|x86.Build.0 = Release|Any CPU
		{8C61F958-AD09-425E-AB8C-504878EDD2E8}.Debug|Any CPU.ActiveCfg = Debug|Any CPU
		{8C61F958-AD09-425E-AB8C-504878EDD2E8}.Debug|Any CPU.Build.0 = Debug|Any CPU
		{8C61F958-AD09-425E-AB8C-504878EDD2E8}.Debug|x64.ActiveCfg = Debug|Any CPU
		{8C61F958-AD09-425E-AB8C-504878EDD2E8}.Debug|x64.Build.0 = Debug|Any CPU
		{8C61F958-AD09-425E-AB8C-504878EDD2E8}.Debug|x86.ActiveCfg = Debug|Any CPU
		{8C61F958-AD09-425E-AB8C-504878EDD2E8}.Debug|x86.Build.0 = Debug|Any CPU
		{8C61F958-AD09-425E-AB8C-504878EDD2E8}.Release|Any CPU.ActiveCfg = Release|Any CPU
		{8C61F958-AD09-425E-AB8C-504878EDD2E8}.Release|Any CPU.Build.0 = Release|Any CPU
		{8C61F958-AD09-425E-AB8C-504878EDD2E8}.Release|x64.ActiveCfg = Release|Any CPU
		{8C61F958-AD09-425E-AB8C-504878EDD2E8}.Release|x64.Build.0 = Release|Any CPU
		{8C61F958-AD09-425E-AB8C-504878EDD2E8}.Release|x86.ActiveCfg = Release|Any CPU
		{8C61F958-AD09-425E-AB8C-504878EDD2E8}.Release|x86.Build.0 = Release|Any CPU
		{347CBB80-A7FA-40B2-AA98-50684C137799}.Debug|Any CPU.ActiveCfg = Debug|Any CPU
		{347CBB80-A7FA-40B2-AA98-50684C137799}.Debug|Any CPU.Build.0 = Debug|Any CPU
		{347CBB80-A7FA-40B2-AA98-50684C137799}.Debug|x64.ActiveCfg = Debug|Any CPU
		{347CBB80-A7FA-40B2-AA98-50684C137799}.Debug|x64.Build.0 = Debug|Any CPU
		{347CBB80-A7FA-40B2-AA98-50684C137799}.Debug|x86.ActiveCfg = Debug|Any CPU
		{347CBB80-A7FA-40B2-AA98-50684C137799}.Debug|x86.Build.0 = Debug|Any CPU
		{347CBB80-A7FA-40B2-AA98-50684C137799}.Release|Any CPU.ActiveCfg = Release|Any CPU
		{347CBB80-A7FA-40B2-AA98-50684C137799}.Release|Any CPU.Build.0 = Release|Any CPU
		{347CBB80-A7FA-40B2-AA98-50684C137799}.Release|x64.ActiveCfg = Release|Any CPU
		{347CBB80-A7FA-40B2-AA98-50684C137799}.Release|x64.Build.0 = Release|Any CPU
		{347CBB80-A7FA-40B2-AA98-50684C137799}.Release|x86.ActiveCfg = Release|Any CPU
		{347CBB80-A7FA-40B2-AA98-50684C137799}.Release|x86.Build.0 = Release|Any CPU
		{E0D121A3-4F6A-408F-B50B-426D8D71507C}.Debug|Any CPU.ActiveCfg = Debug|Any CPU
		{E0D121A3-4F6A-408F-B50B-426D8D71507C}.Debug|Any CPU.Build.0 = Debug|Any CPU
		{E0D121A3-4F6A-408F-B50B-426D8D71507C}.Debug|x64.ActiveCfg = Debug|Any CPU
		{E0D121A3-4F6A-408F-B50B-426D8D71507C}.Debug|x64.Build.0 = Debug|Any CPU
		{E0D121A3-4F6A-408F-B50B-426D8D71507C}.Debug|x86.ActiveCfg = Debug|Any CPU
		{E0D121A3-4F6A-408F-B50B-426D8D71507C}.Debug|x86.Build.0 = Debug|Any CPU
		{E0D121A3-4F6A-408F-B50B-426D8D71507C}.Release|Any CPU.ActiveCfg = Release|Any CPU
		{E0D121A3-4F6A-408F-B50B-426D8D71507C}.Release|Any CPU.Build.0 = Release|Any CPU
		{E0D121A3-4F6A-408F-B50B-426D8D71507C}.Release|x64.ActiveCfg = Release|Any CPU
		{E0D121A3-4F6A-408F-B50B-426D8D71507C}.Release|x64.Build.0 = Release|Any CPU
		{E0D121A3-4F6A-408F-B50B-426D8D71507C}.Release|x86.ActiveCfg = Release|Any CPU
		{E0D121A3-4F6A-408F-B50B-426D8D71507C}.Release|x86.Build.0 = Release|Any CPU
		{E019D0D6-331C-4653-B2A9-FE93EDF4100E}.Debug|Any CPU.ActiveCfg = Debug|Any CPU
		{E019D0D6-331C-4653-B2A9-FE93EDF4100E}.Debug|Any CPU.Build.0 = Debug|Any CPU
		{E019D0D6-331C-4653-B2A9-FE93EDF4100E}.Debug|x64.ActiveCfg = Debug|Any CPU
		{E019D0D6-331C-4653-B2A9-FE93EDF4100E}.Debug|x64.Build.0 = Debug|Any CPU
		{E019D0D6-331C-4653-B2A9-FE93EDF4100E}.Debug|x86.ActiveCfg = Debug|Any CPU
		{E019D0D6-331C-4653-B2A9-FE93EDF4100E}.Debug|x86.Build.0 = Debug|Any CPU
		{E019D0D6-331C-4653-B2A9-FE93EDF4100E}.Release|Any CPU.ActiveCfg = Release|Any CPU
		{E019D0D6-331C-4653-B2A9-FE93EDF4100E}.Release|Any CPU.Build.0 = Release|Any CPU
		{E019D0D6-331C-4653-B2A9-FE93EDF4100E}.Release|x64.ActiveCfg = Release|Any CPU
		{E019D0D6-331C-4653-B2A9-FE93EDF4100E}.Release|x64.Build.0 = Release|Any CPU
		{E019D0D6-331C-4653-B2A9-FE93EDF4100E}.Release|x86.ActiveCfg = Release|Any CPU
		{E019D0D6-331C-4653-B2A9-FE93EDF4100E}.Release|x86.Build.0 = Release|Any CPU
		{B389AAD6-1856-435B-AC3E-31F91915C56B}.Debug|Any CPU.ActiveCfg = Debug|Any CPU
		{B389AAD6-1856-435B-AC3E-31F91915C56B}.Debug|Any CPU.Build.0 = Debug|Any CPU
		{B389AAD6-1856-435B-AC3E-31F91915C56B}.Debug|x64.ActiveCfg = Debug|Any CPU
		{B389AAD6-1856-435B-AC3E-31F91915C56B}.Debug|x64.Build.0 = Debug|Any CPU
		{B389AAD6-1856-435B-AC3E-31F91915C56B}.Debug|x86.ActiveCfg = Debug|Any CPU
		{B389AAD6-1856-435B-AC3E-31F91915C56B}.Debug|x86.Build.0 = Debug|Any CPU
		{B389AAD6-1856-435B-AC3E-31F91915C56B}.Release|Any CPU.ActiveCfg = Release|Any CPU
		{B389AAD6-1856-435B-AC3E-31F91915C56B}.Release|Any CPU.Build.0 = Release|Any CPU
		{B389AAD6-1856-435B-AC3E-31F91915C56B}.Release|x64.ActiveCfg = Release|Any CPU
		{B389AAD6-1856-435B-AC3E-31F91915C56B}.Release|x64.Build.0 = Release|Any CPU
		{B389AAD6-1856-435B-AC3E-31F91915C56B}.Release|x86.ActiveCfg = Release|Any CPU
		{B389AAD6-1856-435B-AC3E-31F91915C56B}.Release|x86.Build.0 = Release|Any CPU
	EndGlobalSection
	GlobalSection(SolutionProperties) = preSolution
		HideSolutionNode = FALSE
	EndGlobalSection
	GlobalSection(NestedProjects) = preSolution
		{A31979B4-4107-45C8-AF30-DF869B587954} = {D11935B8-ACD0-5B0F-67E4-C85B816EEDE4}
		{B2262BFD-F69A-4BFD-BA47-5D483587D752} = {D11935B8-ACD0-5B0F-67E4-C85B816EEDE4}
		{788A102E-FB83-4603-BF9F-9713B2198DB4} = {D11935B8-ACD0-5B0F-67E4-C85B816EEDE4}
		{B92372D5-7E93-44A4-8A56-F3DB42F64EEC} = {D11935B8-ACD0-5B0F-67E4-C85B816EEDE4}
		{EC11F81F-45E4-4A99-87D4-9FB0E180FCAA} = {D11935B8-ACD0-5B0F-67E4-C85B816EEDE4}
		{815E2186-58E5-4988-97FB-C37AE0AD1F99} = {D11935B8-ACD0-5B0F-67E4-C85B816EEDE4}
		{872E061A-8DA1-4015-A8D2-882D9DDAEEF7} = {0AB3BF05-4346-4AA6-1389-037BE0695223}
		{69990B21-FD82-48F8-A2B5-194C6FE9F96A} = {0AB3BF05-4346-4AA6-1389-037BE0695223}
		{B0974B7A-6244-4531-8EDF-1A615B9D6417} = {0AB3BF05-4346-4AA6-1389-037BE0695223}
		{1E096092-2340-4DDD-AC36-BF1F0F67DE22} = {D11935B8-ACD0-5B0F-67E4-C85B816EEDE4}
		{884B4ADE-A939-4385-8AB5-CBE2A7F101AC} = {D11935B8-ACD0-5B0F-67E4-C85B816EEDE4}
		{8C61F958-AD09-425E-AB8C-504878EDD2E8} = {0AB3BF05-4346-4AA6-1389-037BE0695223}
		{347CBB80-A7FA-40B2-AA98-50684C137799} = {0AB3BF05-4346-4AA6-1389-037BE0695223}
		{E0D121A3-4F6A-408F-B50B-426D8D71507C} = {D11935B8-ACD0-5B0F-67E4-C85B816EEDE4}
		{E019D0D6-331C-4653-B2A9-FE93EDF4100E} = {D11935B8-ACD0-5B0F-67E4-C85B816EEDE4}
		{B389AAD6-1856-435B-AC3E-31F91915C56B} = {0AB3BF05-4346-4AA6-1389-037BE0695223}
	EndGlobalSection
EndGlobal
