
Microsoft Visual Studio Solution File, Format Version 12.00
# Visual Studio Version 17
VisualStudioVersion = 17.0.31903.59
MinimumVisualStudioVersion = 10.0.40219.1
Project("{FAE04EC0-301F-11D3-BF4B-00C04F79EFBC}") = "Contoso.Domain", "Contoso.Domain\Contoso.Domain.csproj", "{509968EA-344C-486F-BD35-FE47551787C6}"
EndProject
Project("{FAE04EC0-301F-11D3-BF4B-00C04F79EFBC}") = "Contoso.Application", "Contoso.Application\Contoso.Application.csproj", "{3B526C75-D7E2-4879-81D9-4237CC3D05E5}"
EndProject
Project("{FAE04EC0-301F-11D3-BF4B-00C04F79EFBC}") = "Contoso.Infrastructure", "Contoso.Infrastructure\Contoso.Infrastructure.csproj", "{6D97E293-A09D-4A3B-A7C8-80456F912B75}"
EndProject
Global
	GlobalSection(SolutionConfigurationPlatforms) = preSolution
		Debug|Any CPU = Debug|Any CPU
		Debug|x64 = Debug|x64
		Debug|x86 = Debug|x86
		Release|Any CPU = Release|Any CPU
		Release|x64 = Release|x64
		Release|x86 = Release|x86
	EndGlobalSection
	GlobalSection(ProjectConfigurationPlatforms) = postSolution
		{509968EA-344C-486F-BD35-FE47551787C6}.Debug|Any CPU.ActiveCfg = Debug|Any CPU
		{509968EA-344C-486F-BD35-FE47551787C6}.Debug|Any CPU.Build.0 = Debug|Any CPU
		{509968EA-344C-486F-BD35-FE47551787C6}.Debug|x64.ActiveCfg = Debug|Any CPU
		{509968EA-344C-486F-BD35-FE47551787C6}.Debug|x64.Build.0 = Debug|Any CPU
		{509968EA-344C-486F-BD35-FE47551787C6}.Debug|x86.ActiveCfg = Debug|Any CPU
		{509968EA-344C-486F-BD35-FE47551787C6}.Debug|x86.Build.0 = Debug|Any CPU
		{509968EA-344C-486F-BD35-FE47551787C6}.Release|Any CPU.ActiveCfg = Release|Any CPU
		{509968EA-344C-486F-BD35-FE47551787C6}.Release|Any CPU.Build.0 = Release|Any CPU
		{509968EA-344C-486F-BD35-FE47551787C6}.Release|x64.ActiveCfg = Release|Any CPU
		{509968EA-344C-486F-BD35-FE47551787C6}.Release|x64.Build.0 = Release|Any CPU
		{509968EA-344C-486F-BD35-FE47551787C6}.Release|x86.ActiveCfg = Release|Any CPU
		{509968EA-344C-486F-BD35-FE47551787C6}.Release|x86.Build.0 = Release|Any CPU
		{3B526C75-D7E2-4879-81D9-4237CC3D05E5}.Debug|Any CPU.ActiveCfg = Debug|Any CPU
		{3B526C75-D7E2-4879-81D9-4237CC3D05E5}.Debug|Any CPU.Build.0 = Debug|Any CPU
		{3B526C75-D7E2-4879-81D9-4237CC3D05E5}.Debug|x64.ActiveCfg = Debug|Any CPU
		{3B526C75-D7E2-4879-81D9-4237CC3D05E5}.Debug|x64.Build.0 = Debug|Any CPU
		{3B526C75-D7E2-4879-81D9-4237CC3D05E5}.Debug|x86.ActiveCfg = Debug|Any CPU
		{3B526C75-D7E2-4879-81D9-4237CC3D05E5}.Debug|x86.Build.0 = Debug|Any CPU
		{3B526C75-D7E2-4879-81D9-4237CC3D05E5}.Release|Any CPU.ActiveCfg = Release|Any CPU
		{3B526C75-D7E2-4879-81D9-4237CC3D05E5}.Release|Any CPU.Build.0 = Release|Any CPU
		{3B526C75-D7E2-4879-81D9-4237CC3D05E5}.Release|x64.ActiveCfg = Release|Any CPU
		{3B526C75-D7E2-4879-81D9-4237CC3D05E5}.Release|x64.Build.0 = Release|Any CPU
		{3B526C75-D7E2-4879-81D9-4237CC3D05E5}.Release|x86.ActiveCfg = Release|Any CPU
		{3B526C75-D7E2-4879-81D9-4237CC3D05E5}.Release|x86.Build.0 = Release|Any CPU
		{6D97E293-A09D-4A3B-A7C8-80456F912B75}.Debug|Any CPU.ActiveCfg = Debug|Any CPU
		{6D97E293-A09D-4A3B-A7C8-80456F912B75}.Debug|Any CPU.Build.0 = Debug|Any CPU
		{6D97E293-A09D-4A3B-A7C8-80456F912B75}.Debug|x64.ActiveCfg = Debug|Any CPU
		{6D97E293-A09D-4A3B-A7C8-80456F912B75}.Debug|x64.Build.0 = Debug|Any CPU
		{6D97E293-A09D-4A3B-A7C8-80456F912B75}.Debug|x86.ActiveCfg = Debug|Any CPU
		{6D97E293-A09D-4A3B-A7C8-80456F912B75}.Debug|x86.Build.0 = Debug|Any CPU
		{6D97E293-A09D-4A3B-A7C8-80456F912B75}.Release|Any CPU.ActiveCfg = Release|Any CPU
		{6D97E293-A09D-4A3B-A7C8-80456F912B75}.Release|Any CPU.Build.0 = Release|Any CPU
		{6D97E293-A09D-4A3B-A7C8-80456F912B75}.Release|x64.ActiveCfg = Release|Any CPU
		{6D97E293-A09D-4A3B-A7C8-80456F912B75}.Release|x64.Build.0 = Release|Any CPU
		{6D97E293-A09D-4A3B-A7C8-80456F912B75}.Release|x86.ActiveCfg = Release|Any CPU
		{6D97E293-A09D-4A3B-A7C8-80456F912B75}.Release|x86.Build.0 = Release|Any CPU
	EndGlobalSection
	GlobalSection(SolutionProperties) = preSolution
		HideSolutionNode = FALSE
	EndGlobalSection
EndGlobal
